
Microsoft Visual Studio Solution File, Format Version 12.00
# Visual Studio 15
VisualStudioVersion = 15.0.27130.2026
MinimumVisualStudioVersion = 10.0.40219.1
Project("{2150E333-8FDC-42A3-9474-1A3956D46DE8}") = "core", "core", "{DBEFFF0A-1EDF-4083-80C4-BCC33CD92353}"
EndProject
Project("{2150E333-8FDC-42A3-9474-1A3956D46DE8}") = "backbone", "backbone", "{3F102311-4557-4DD9-B2E5-977FB9232D6F}"
EndProject
Project("{9A19103F-16F7-4668-BE54-9A1E7A4F7556}") = "xmisc.backbone.validation.contracts", "xmisc.backbone.validation.contracts\xmisc.backbone.validation.contracts.csproj", "{1BD3F6F7-B0FA-4756-A69D-43265C1EB9AD}"
EndProject
Project("{9A19103F-16F7-4668-BE54-9A1E7A4F7556}") = "xmisc.backbone.repositories.contracts", "xmisc.backbone.repositories.contracts\xmisc.backbone.repositories.contracts.csproj", "{FCDDD113-15CD-453D-991B-26A0F7AD217D}"
EndProject
Project("{9A19103F-16F7-4668-BE54-9A1E7A4F7556}") = "xmisc.backbone.io.protobuf", "xmisc.backbone.io.protobuf\xmisc.backbone.io.protobuf.csproj", "{F7B2E9F8-75D0-41A8-8C50-F5DF58C350A7}"
EndProject
Project("{9A19103F-16F7-4668-BE54-9A1E7A4F7556}") = "xmisc.backbone.io.messagepack", "xmisc.backbone.io.messagepack\xmisc.backbone.io.messagepack.csproj", "{60F07F57-AE0D-4DE2-A2D9-95DEAAB4D541}"
EndProject
Project("{9A19103F-16F7-4668-BE54-9A1E7A4F7556}") = "xmisc.core.io", "xmisc.core.io\xmisc.core.io.csproj", "{D01B7AE8-0D65-41A9-BAD6-E9E53998C465}"
EndProject
Project("{9A19103F-16F7-4668-BE54-9A1E7A4F7556}") = "xmisc.core.linq", "xmisc.core.linq\xmisc.core.linq.csproj", "{8AE51ED5-0788-40FF-8812-413FA48E40D9}"
EndProject
Project("{9A19103F-16F7-4668-BE54-9A1E7A4F7556}") = "xmisc.core.reflection", "xmisc.core.reflection\xmisc.core.reflection.csproj", "{03088ECA-64E3-4B99-9B85-5F9D65D5FFF9}"
EndProject
Project("{9A19103F-16F7-4668-BE54-9A1E7A4F7556}") = "xmisc.core.cryptography", "xmisc.core.cryptography\xmisc.core.cryptography.csproj", "{794CB598-B99D-4B1D-AA5A-310235502968}"
EndProject
Project("{9A19103F-16F7-4668-BE54-9A1E7A4F7556}") = "xmisc.core.system", "xmisc.core.system\xmisc.core.system.csproj", "{AB3F5510-8D28-4121-BDC8-CCB1C470CF04}"
EndProject
Project("{9A19103F-16F7-4668-BE54-9A1E7A4F7556}") = "xmisc.core.text", "xmisc.core.text\xmisc.core.text.csproj", "{8C846C7A-02B3-4332-AFFF-4E40AD13CDA1}"
EndProject
Project("{9A19103F-16F7-4668-BE54-9A1E7A4F7556}") = "xmisc.backbone.identifiers.contracts", "xmisc.backbone.identifiers.contracts\xmisc.backbone.identifiers.contracts.csproj", "{E1C87A50-A51F-4C7C-A504-E89FFF016647}"
EndProject
Project("{9A19103F-16F7-4668-BE54-9A1E7A4F7556}") = "xmisc.backbone.identifiers.concretes", "xmisc.backbone.identifiers.concretes\xmisc.backbone.identifiers.concretes.csproj", "{F95C3C25-5A36-47D7-ABA3-A30ECDB824B2}"
EndProject
Project("{9A19103F-16F7-4668-BE54-9A1E7A4F7556}") = "xmisc.backbone.io.formatter", "xmisc.backbone.io.formatter\xmisc.backbone.io.formatter.csproj", "{228DAFDE-7B10-4315-8DC0-211847519351}"
EndProject
Project("{2150E333-8FDC-42A3-9474-1A3956D46DE8}") = "tests", "tests", "{4E5E84A6-BF4F-4685-8F70-4D6424DBA171}"
EndProject
Project("{FAE04EC0-301F-11D3-BF4B-00C04F79EFBC}") = "xmisc.backbone.identifiers.tests", "xmisc.backbone.identifiers.tests\xmisc.backbone.identifiers.tests.csproj", "{432742BC-BE6E-4AB9-B37E-9943B1FE8188}"
EndProject
Project("{2150E333-8FDC-42A3-9474-1A3956D46DE8}") = "identifiers", "identifiers", "{6C5D0D50-E2F8-4484-85BC-E3152623E893}"
EndProject
Project("{2150E333-8FDC-42A3-9474-1A3956D46DE8}") = "io", "io", "{BC760B34-AAE1-4381-BA84-9260A48BABB5}"
EndProject
Project("{2150E333-8FDC-42A3-9474-1A3956D46DE8}") = "repositories", "repositories", "{82F8E9E3-430B-4DF7-A86B-58783064A7EB}"
EndProject
Project("{2150E333-8FDC-42A3-9474-1A3956D46DE8}") = "validation", "validation", "{0C84A314-BFD0-43BB-9711-C19EBA78D358}"
EndProject
Project("{FAE04EC0-301F-11D3-BF4B-00C04F79EFBC}") = "xmisc.core.text.tests", "xmisc.core.text.tests\xmisc.core.text.tests.csproj", "{BEB00BC8-F170-41B2-A01C-0CA52D993AA1}"
EndProject
Project("{9A19103F-16F7-4668-BE54-9A1E7A4F7556}") = "xmisc.backbone.io.jil", "xmisc.backbone.io.jil\xmisc.backbone.io.jil.csproj", "{78145F2C-5594-4E80-AE4F-68ACEF4211E3}"
EndProject
Project("{FAE04EC0-301F-11D3-BF4B-00C04F79EFBC}") = "xmisc.core.system.net.http", "xmisc.core.system.net.http\xmisc.core.system.net.http.csproj", "{93165CE7-0E27-49A7-AE56-76C499BAA2E5}"
EndProject
Global
	GlobalSection(SolutionConfigurationPlatforms) = preSolution
		Debug|Any CPU = Debug|Any CPU
		Release|Any CPU = Release|Any CPU
	EndGlobalSection
	GlobalSection(ProjectConfigurationPlatforms) = postSolution
		{1BD3F6F7-B0FA-4756-A69D-43265C1EB9AD}.Debug|Any CPU.ActiveCfg = Debug|Any CPU
		{1BD3F6F7-B0FA-4756-A69D-43265C1EB9AD}.Debug|Any CPU.Build.0 = Debug|Any CPU
		{1BD3F6F7-B0FA-4756-A69D-43265C1EB9AD}.Release|Any CPU.ActiveCfg = Release|Any CPU
		{1BD3F6F7-B0FA-4756-A69D-43265C1EB9AD}.Release|Any CPU.Build.0 = Release|Any CPU
		{FCDDD113-15CD-453D-991B-26A0F7AD217D}.Debug|Any CPU.ActiveCfg = Debug|Any CPU
		{FCDDD113-15CD-453D-991B-26A0F7AD217D}.Debug|Any CPU.Build.0 = Debug|Any CPU
		{FCDDD113-15CD-453D-991B-26A0F7AD217D}.Release|Any CPU.ActiveCfg = Release|Any CPU
		{FCDDD113-15CD-453D-991B-26A0F7AD217D}.Release|Any CPU.Build.0 = Release|Any CPU
		{F7B2E9F8-75D0-41A8-8C50-F5DF58C350A7}.Debug|Any CPU.ActiveCfg = Debug|Any CPU
		{F7B2E9F8-75D0-41A8-8C50-F5DF58C350A7}.Debug|Any CPU.Build.0 = Debug|Any CPU
		{F7B2E9F8-75D0-41A8-8C50-F5DF58C350A7}.Release|Any CPU.ActiveCfg = Release|Any CPU
		{F7B2E9F8-75D0-41A8-8C50-F5DF58C350A7}.Release|Any CPU.Build.0 = Release|Any CPU
		{60F07F57-AE0D-4DE2-A2D9-95DEAAB4D541}.Debug|Any CPU.ActiveCfg = Debug|Any CPU
		{60F07F57-AE0D-4DE2-A2D9-95DEAAB4D541}.Debug|Any CPU.Build.0 = Debug|Any CPU
		{60F07F57-AE0D-4DE2-A2D9-95DEAAB4D541}.Release|Any CPU.ActiveCfg = Release|Any CPU
		{60F07F57-AE0D-4DE2-A2D9-95DEAAB4D541}.Release|Any CPU.Build.0 = Release|Any CPU
		{D01B7AE8-0D65-41A9-BAD6-E9E53998C465}.Debug|Any CPU.ActiveCfg = Debug|Any CPU
		{D01B7AE8-0D65-41A9-BAD6-E9E53998C465}.Debug|Any CPU.Build.0 = Debug|Any CPU
		{D01B7AE8-0D65-41A9-BAD6-E9E53998C465}.Release|Any CPU.ActiveCfg = Release|Any CPU
		{D01B7AE8-0D65-41A9-BAD6-E9E53998C465}.Release|Any CPU.Build.0 = Release|Any CPU
		{8AE51ED5-0788-40FF-8812-413FA48E40D9}.Debug|Any CPU.ActiveCfg = Debug|Any CPU
		{8AE51ED5-0788-40FF-8812-413FA48E40D9}.Debug|Any CPU.Build.0 = Debug|Any CPU
		{8AE51ED5-0788-40FF-8812-413FA48E40D9}.Release|Any CPU.ActiveCfg = Release|Any CPU
		{8AE51ED5-0788-40FF-8812-413FA48E40D9}.Release|Any CPU.Build.0 = Release|Any CPU
		{03088ECA-64E3-4B99-9B85-5F9D65D5FFF9}.Debug|Any CPU.ActiveCfg = Debug|Any CPU
		{03088ECA-64E3-4B99-9B85-5F9D65D5FFF9}.Debug|Any CPU.Build.0 = Debug|Any CPU
		{03088ECA-64E3-4B99-9B85-5F9D65D5FFF9}.Release|Any CPU.ActiveCfg = Release|Any CPU
		{03088ECA-64E3-4B99-9B85-5F9D65D5FFF9}.Release|Any CPU.Build.0 = Release|Any CPU
		{794CB598-B99D-4B1D-AA5A-310235502968}.Debug|Any CPU.ActiveCfg = Debug|Any CPU
		{794CB598-B99D-4B1D-AA5A-310235502968}.Debug|Any CPU.Build.0 = Debug|Any CPU
		{794CB598-B99D-4B1D-AA5A-310235502968}.Release|Any CPU.ActiveCfg = Release|Any CPU
		{794CB598-B99D-4B1D-AA5A-310235502968}.Release|Any CPU.Build.0 = Release|Any CPU
		{AB3F5510-8D28-4121-BDC8-CCB1C470CF04}.Debug|Any CPU.ActiveCfg = Debug|Any CPU
		{AB3F5510-8D28-4121-BDC8-CCB1C470CF04}.Debug|Any CPU.Build.0 = Debug|Any CPU
		{AB3F5510-8D28-4121-BDC8-CCB1C470CF04}.Release|Any CPU.ActiveCfg = Release|Any CPU
		{AB3F5510-8D28-4121-BDC8-CCB1C470CF04}.Release|Any CPU.Build.0 = Release|Any CPU
		{8C846C7A-02B3-4332-AFFF-4E40AD13CDA1}.Debug|Any CPU.ActiveCfg = Debug|Any CPU
		{8C846C7A-02B3-4332-AFFF-4E40AD13CDA1}.Debug|Any CPU.Build.0 = Debug|Any CPU
		{8C846C7A-02B3-4332-AFFF-4E40AD13CDA1}.Release|Any CPU.ActiveCfg = Release|Any CPU
		{8C846C7A-02B3-4332-AFFF-4E40AD13CDA1}.Release|Any CPU.Build.0 = Release|Any CPU
		{E1C87A50-A51F-4C7C-A504-E89FFF016647}.Debug|Any CPU.ActiveCfg = Debug|Any CPU
		{E1C87A50-A51F-4C7C-A504-E89FFF016647}.Debug|Any CPU.Build.0 = Debug|Any CPU
		{E1C87A50-A51F-4C7C-A504-E89FFF016647}.Release|Any CPU.ActiveCfg = Release|Any CPU
		{E1C87A50-A51F-4C7C-A504-E89FFF016647}.Release|Any CPU.Build.0 = Release|Any CPU
		{F95C3C25-5A36-47D7-ABA3-A30ECDB824B2}.Debug|Any CPU.ActiveCfg = Debug|Any CPU
		{F95C3C25-5A36-47D7-ABA3-A30ECDB824B2}.Debug|Any CPU.Build.0 = Debug|Any CPU
		{F95C3C25-5A36-47D7-ABA3-A30ECDB824B2}.Release|Any CPU.ActiveCfg = Release|Any CPU
		{F95C3C25-5A36-47D7-ABA3-A30ECDB824B2}.Release|Any CPU.Build.0 = Release|Any CPU
		{228DAFDE-7B10-4315-8DC0-211847519351}.Debug|Any CPU.ActiveCfg = Debug|Any CPU
		{228DAFDE-7B10-4315-8DC0-211847519351}.Debug|Any CPU.Build.0 = Debug|Any CPU
		{228DAFDE-7B10-4315-8DC0-211847519351}.Release|Any CPU.ActiveCfg = Release|Any CPU
		{228DAFDE-7B10-4315-8DC0-211847519351}.Release|Any CPU.Build.0 = Release|Any CPU
		{432742BC-BE6E-4AB9-B37E-9943B1FE8188}.Debug|Any CPU.ActiveCfg = Debug|Any CPU
		{432742BC-BE6E-4AB9-B37E-9943B1FE8188}.Debug|Any CPU.Build.0 = Debug|Any CPU
		{432742BC-BE6E-4AB9-B37E-9943B1FE8188}.Release|Any CPU.ActiveCfg = Release|Any CPU
		{432742BC-BE6E-4AB9-B37E-9943B1FE8188}.Release|Any CPU.Build.0 = Release|Any CPU
		{BEB00BC8-F170-41B2-A01C-0CA52D993AA1}.Debug|Any CPU.ActiveCfg = Debug|Any CPU
		{BEB00BC8-F170-41B2-A01C-0CA52D993AA1}.Debug|Any CPU.Build.0 = Debug|Any CPU
		{BEB00BC8-F170-41B2-A01C-0CA52D993AA1}.Release|Any CPU.ActiveCfg = Release|Any CPU
		{BEB00BC8-F170-41B2-A01C-0CA52D993AA1}.Release|Any CPU.Build.0 = Release|Any CPU
		{78145F2C-5594-4E80-AE4F-68ACEF4211E3}.Debug|Any CPU.ActiveCfg = Debug|Any CPU
		{78145F2C-5594-4E80-AE4F-68ACEF4211E3}.Debug|Any CPU.Build.0 = Debug|Any CPU
		{78145F2C-5594-4E80-AE4F-68ACEF4211E3}.Release|Any CPU.ActiveCfg = Release|Any CPU
		{78145F2C-5594-4E80-AE4F-68ACEF4211E3}.Release|Any CPU.Build.0 = Release|Any CPU
		{93165CE7-0E27-49A7-AE56-76C499BAA2E5}.Debug|Any CPU.ActiveCfg = Debug|Any CPU
		{93165CE7-0E27-49A7-AE56-76C499BAA2E5}.Debug|Any CPU.Build.0 = Debug|Any CPU
		{93165CE7-0E27-49A7-AE56-76C499BAA2E5}.Release|Any CPU.ActiveCfg = Release|Any CPU
		{93165CE7-0E27-49A7-AE56-76C499BAA2E5}.Release|Any CPU.Build.0 = Release|Any CPU
	EndGlobalSection
	GlobalSection(SolutionProperties) = preSolution
		HideSolutionNode = FALSE
	EndGlobalSection
	GlobalSection(NestedProjects) = preSolution
		{1BD3F6F7-B0FA-4756-A69D-43265C1EB9AD} = {0C84A314-BFD0-43BB-9711-C19EBA78D358}
		{FCDDD113-15CD-453D-991B-26A0F7AD217D} = {82F8E9E3-430B-4DF7-A86B-58783064A7EB}
		{F7B2E9F8-75D0-41A8-8C50-F5DF58C350A7} = {BC760B34-AAE1-4381-BA84-9260A48BABB5}
		{60F07F57-AE0D-4DE2-A2D9-95DEAAB4D541} = {BC760B34-AAE1-4381-BA84-9260A48BABB5}
		{D01B7AE8-0D65-41A9-BAD6-E9E53998C465} = {DBEFFF0A-1EDF-4083-80C4-BCC33CD92353}
		{8AE51ED5-0788-40FF-8812-413FA48E40D9} = {DBEFFF0A-1EDF-4083-80C4-BCC33CD92353}
		{03088ECA-64E3-4B99-9B85-5F9D65D5FFF9} = {DBEFFF0A-1EDF-4083-80C4-BCC33CD92353}
		{794CB598-B99D-4B1D-AA5A-310235502968} = {DBEFFF0A-1EDF-4083-80C4-BCC33CD92353}
		{AB3F5510-8D28-4121-BDC8-CCB1C470CF04} = {DBEFFF0A-1EDF-4083-80C4-BCC33CD92353}
		{8C846C7A-02B3-4332-AFFF-4E40AD13CDA1} = {DBEFFF0A-1EDF-4083-80C4-BCC33CD92353}
		{E1C87A50-A51F-4C7C-A504-E89FFF016647} = {6C5D0D50-E2F8-4484-85BC-E3152623E893}
		{F95C3C25-5A36-47D7-ABA3-A30ECDB824B2} = {6C5D0D50-E2F8-4484-85BC-E3152623E893}
		{228DAFDE-7B10-4315-8DC0-211847519351} = {BC760B34-AAE1-4381-BA84-9260A48BABB5}
		{432742BC-BE6E-4AB9-B37E-9943B1FE8188} = {4E5E84A6-BF4F-4685-8F70-4D6424DBA171}
		{6C5D0D50-E2F8-4484-85BC-E3152623E893} = {3F102311-4557-4DD9-B2E5-977FB9232D6F}
		{BC760B34-AAE1-4381-BA84-9260A48BABB5} = {3F102311-4557-4DD9-B2E5-977FB9232D6F}
		{82F8E9E3-430B-4DF7-A86B-58783064A7EB} = {3F102311-4557-4DD9-B2E5-977FB9232D6F}
		{0C84A314-BFD0-43BB-9711-C19EBA78D358} = {3F102311-4557-4DD9-B2E5-977FB9232D6F}
		{BEB00BC8-F170-41B2-A01C-0CA52D993AA1} = {4E5E84A6-BF4F-4685-8F70-4D6424DBA171}
		{78145F2C-5594-4E80-AE4F-68ACEF4211E3} = {BC760B34-AAE1-4381-BA84-9260A48BABB5}
		{93165CE7-0E27-49A7-AE56-76C499BAA2E5} = {DBEFFF0A-1EDF-4083-80C4-BCC33CD92353}
	EndGlobalSection
	GlobalSection(ExtensibilityGlobals) = postSolution
		SolutionGuid = {776D82FA-CF53-410F-9114-54BE92B3B50D}
	EndGlobalSection
EndGlobal
