
Microsoft Visual Studio Solution File, Format Version 12.00
# Visual Studio 2013
VisualStudioVersion = 12.0.31101.0
MinimumVisualStudioVersion = 10.0.40219.1
Project("{FAE04EC0-301F-11D3-BF4B-00C04F79EFBC}") = "xmisc.foundation.concretes", "xmisc.foundation.concretes\xmisc.foundation.concretes.csproj", "{EEDF1367-A0FC-400A-A649-716261252B9E}"
EndProject
Project("{FAE04EC0-301F-11D3-BF4B-00C04F79EFBC}") = "xmisc.foundation.contracts", "xmisc.foundation.contracts\xmisc.foundation.contracts.csproj", "{0188BE5C-BAFA-4FAC-B068-11DCF7CD918E}"
EndProject
Project("{FAE04EC0-301F-11D3-BF4B-00C04F79EFBC}") = "xmisc.infrastructure.concretes", "xmisc.infrastructure.concretes\xmisc.infrastructure.concretes.csproj", "{9B9036F7-C547-43D3-B1EC-BB0C5965DC12}"
EndProject
Project("{FAE04EC0-301F-11D3-BF4B-00C04F79EFBC}") = "xmisc.infrastructure.contracts", "xmisc.infrastructure.contracts\xmisc.infrastructure.contracts.csproj", "{82ED5F70-E1D9-456E-8686-C59306312726}"
EndProject
Project("{FAE04EC0-301F-11D3-BF4B-00C04F79EFBC}") = "xmisc.tests.infrastructure", "xmisc.tests.infrastructure\xmisc.tests.infrastructure.csproj", "{CEB2574D-CFFC-4261-BB99-B77454AE796C}"
EndProject
Project("{FAE04EC0-301F-11D3-BF4B-00C04F79EFBC}") = "xmisc.technical.data.contracts", "xmisc.technical.data.contracts\xmisc.technical.data.contracts.csproj", "{3346DB20-5077-4FC8-93EE-E4A590BCC1D0}"
EndProject
Project("{FAE04EC0-301F-11D3-BF4B-00C04F79EFBC}") = "xmisc.technical.data.concretes", "xmisc.technical.data.concretes\xmisc.technical.data.concretes.csproj", "{B4A2596A-5689-4EC9-BD01-0B2FF4453DAD}"
EndProject
Project("{2150E333-8FDC-42A3-9474-1A3956D46DE8}") = "foundation", "foundation", "{DBEFFF0A-1EDF-4083-80C4-BCC33CD92353}"
EndProject
Project("{2150E333-8FDC-42A3-9474-1A3956D46DE8}") = "infrastructure", "infrastructure", "{3F102311-4557-4DD9-B2E5-977FB9232D6F}"
EndProject
Project("{2150E333-8FDC-42A3-9474-1A3956D46DE8}") = "technical", "technical", "{96C1C775-0979-456F-A1CF-0F2E814A49E9}"
EndProject
Global
	GlobalSection(SolutionConfigurationPlatforms) = preSolution
		Debug|Any CPU = Debug|Any CPU
		Release|Any CPU = Release|Any CPU
	EndGlobalSection
	GlobalSection(ProjectConfigurationPlatforms) = postSolution
		{EEDF1367-A0FC-400A-A649-716261252B9E}.Debug|Any CPU.ActiveCfg = Debug|Any CPU
		{EEDF1367-A0FC-400A-A649-716261252B9E}.Debug|Any CPU.Build.0 = Debug|Any CPU
		{EEDF1367-A0FC-400A-A649-716261252B9E}.Release|Any CPU.ActiveCfg = Release|Any CPU
		{EEDF1367-A0FC-400A-A649-716261252B9E}.Release|Any CPU.Build.0 = Release|Any CPU
		{0188BE5C-BAFA-4FAC-B068-11DCF7CD918E}.Debug|Any CPU.ActiveCfg = Debug|Any CPU
		{0188BE5C-BAFA-4FAC-B068-11DCF7CD918E}.Debug|Any CPU.Build.0 = Debug|Any CPU
		{0188BE5C-BAFA-4FAC-B068-11DCF7CD918E}.Release|Any CPU.ActiveCfg = Release|Any CPU
		{0188BE5C-BAFA-4FAC-B068-11DCF7CD918E}.Release|Any CPU.Build.0 = Release|Any CPU
		{9B9036F7-C547-43D3-B1EC-BB0C5965DC12}.Debug|Any CPU.ActiveCfg = Debug|Any CPU
		{9B9036F7-C547-43D3-B1EC-BB0C5965DC12}.Debug|Any CPU.Build.0 = Debug|Any CPU
		{9B9036F7-C547-43D3-B1EC-BB0C5965DC12}.Release|Any CPU.ActiveCfg = Release|Any CPU
		{9B9036F7-C547-43D3-B1EC-BB0C5965DC12}.Release|Any CPU.Build.0 = Release|Any CPU
		{82ED5F70-E1D9-456E-8686-C59306312726}.Debug|Any CPU.ActiveCfg = Debug|Any CPU
		{82ED5F70-E1D9-456E-8686-C59306312726}.Debug|Any CPU.Build.0 = Debug|Any CPU
		{82ED5F70-E1D9-456E-8686-C59306312726}.Release|Any CPU.ActiveCfg = Release|Any CPU
		{82ED5F70-E1D9-456E-8686-C59306312726}.Release|Any CPU.Build.0 = Release|Any CPU
		{CEB2574D-CFFC-4261-BB99-B77454AE796C}.Debug|Any CPU.ActiveCfg = Debug|Any CPU
		{CEB2574D-CFFC-4261-BB99-B77454AE796C}.Debug|Any CPU.Build.0 = Debug|Any CPU
		{CEB2574D-CFFC-4261-BB99-B77454AE796C}.Release|Any CPU.ActiveCfg = Release|Any CPU
		{CEB2574D-CFFC-4261-BB99-B77454AE796C}.Release|Any CPU.Build.0 = Release|Any CPU
		{3346DB20-5077-4FC8-93EE-E4A590BCC1D0}.Debug|Any CPU.ActiveCfg = Debug|Any CPU
		{3346DB20-5077-4FC8-93EE-E4A590BCC1D0}.Debug|Any CPU.Build.0 = Debug|Any CPU
		{3346DB20-5077-4FC8-93EE-E4A590BCC1D0}.Release|Any CPU.ActiveCfg = Release|Any CPU
		{3346DB20-5077-4FC8-93EE-E4A590BCC1D0}.Release|Any CPU.Build.0 = Release|Any CPU
		{B4A2596A-5689-4EC9-BD01-0B2FF4453DAD}.Debug|Any CPU.ActiveCfg = Debug|Any CPU
		{B4A2596A-5689-4EC9-BD01-0B2FF4453DAD}.Debug|Any CPU.Build.0 = Debug|Any CPU
		{B4A2596A-5689-4EC9-BD01-0B2FF4453DAD}.Release|Any CPU.ActiveCfg = Release|Any CPU
		{B4A2596A-5689-4EC9-BD01-0B2FF4453DAD}.Release|Any CPU.Build.0 = Release|Any CPU
	EndGlobalSection
	GlobalSection(SolutionProperties) = preSolution
		HideSolutionNode = FALSE
	EndGlobalSection
	GlobalSection(NestedProjects) = preSolution
		{EEDF1367-A0FC-400A-A649-716261252B9E} = {DBEFFF0A-1EDF-4083-80C4-BCC33CD92353}
		{0188BE5C-BAFA-4FAC-B068-11DCF7CD918E} = {DBEFFF0A-1EDF-4083-80C4-BCC33CD92353}
		{9B9036F7-C547-43D3-B1EC-BB0C5965DC12} = {3F102311-4557-4DD9-B2E5-977FB9232D6F}
		{82ED5F70-E1D9-456E-8686-C59306312726} = {3F102311-4557-4DD9-B2E5-977FB9232D6F}
		{CEB2574D-CFFC-4261-BB99-B77454AE796C} = {3F102311-4557-4DD9-B2E5-977FB9232D6F}
		{3346DB20-5077-4FC8-93EE-E4A590BCC1D0} = {96C1C775-0979-456F-A1CF-0F2E814A49E9}
		{B4A2596A-5689-4EC9-BD01-0B2FF4453DAD} = {96C1C775-0979-456F-A1CF-0F2E814A49E9}
	EndGlobalSection
EndGlobal
